
Microsoft Visual Studio Solution File, Format Version 12.00
# Visual Studio Version 16
VisualStudioVersion = 16.0.30804.86
MinimumVisualStudioVersion = 10.0.40219.1
Project("{FAE04EC0-301F-11D3-BF4B-00C04F79EFBC}") = "ServerTest.Server", "ServerTest\ServerTest.Server.csproj", "{1D7EF5FB-942E-41FE-AC64-B7B8AB739217}"
EndProject
Project("{FAE04EC0-301F-11D3-BF4B-00C04F79EFBC}") = "ServerTest.WPF.Client", "ServerTest.WPF.Client\ServerTest.WPF.Client.csproj", "{D99A2E88-A7F5-4BE1-95A0-DBC55CD89C99}"
EndProject
Global
	GlobalSection(SolutionConfigurationPlatforms) = preSolution
		Debug|Any CPU = Debug|Any CPU
		Release|Any CPU = Release|Any CPU
	EndGlobalSection
	GlobalSection(ProjectConfigurationPlatforms) = postSolution
		{1D7EF5FB-942E-41FE-AC64-B7B8AB739217}.Debug|Any CPU.ActiveCfg = Debug|Any CPU
		{1D7EF5FB-942E-41FE-AC64-B7B8AB739217}.Debug|Any CPU.Build.0 = Debug|Any CPU
		{1D7EF5FB-942E-41FE-AC64-B7B8AB739217}.Release|Any CPU.ActiveCfg = Release|Any CPU
		{1D7EF5FB-942E-41FE-AC64-B7B8AB739217}.Release|Any CPU.Build.0 = Release|Any CPU
		{D99A2E88-A7F5-4BE1-95A0-DBC55CD89C99}.Debug|Any CPU.ActiveCfg = Debug|Any CPU
		{D99A2E88-A7F5-4BE1-95A0-DBC55CD89C99}.Debug|Any CPU.Build.0 = Debug|Any CPU
		{D99A2E88-A7F5-4BE1-95A0-DBC55CD89C99}.Release|Any CPU.ActiveCfg = Release|Any CPU
		{D99A2E88-A7F5-4BE1-95A0-DBC55CD89C99}.Release|Any CPU.Build.0 = Release|Any CPU
	EndGlobalSection
	GlobalSection(SolutionProperties) = preSolution
		HideSolutionNode = FALSE
	EndGlobalSection
	GlobalSection(ExtensibilityGlobals) = postSolution
		SolutionGuid = {5F670A20-F44E-4EE5-9F87-1E56F3D24BC0}
	EndGlobalSection
EndGlobal
